
Microsoft Visual Studio Solution File, Format Version 12.00
# Visual Studio Version 17
VisualStudioVersion = 17.8.34511.84
MinimumVisualStudioVersion = 10.0.40219.1
Project("{FAE04EC0-301F-11D3-BF4B-00C04F79EFBC}") = "AspMVCCoreGit", "AspMVCCoreGit.csproj", "{95240E3F-7F43-47EC-8B40-68FE5F2D9690}"
EndProject
Global
	GlobalSection(SolutionConfigurationPlatforms) = preSolution
		Debug|Any CPU = Debug|Any CPU
		Release|Any CPU = Release|Any CPU
	EndGlobalSection
	GlobalSection(ProjectConfigurationPlatforms) = postSolution
		{95240E3F-7F43-47EC-8B40-68FE5F2D9690}.Debug|Any CPU.ActiveCfg = Debug|Any CPU
		{95240E3F-7F43-47EC-8B40-68FE5F2D9690}.Debug|Any CPU.Build.0 = Debug|Any CPU
		{95240E3F-7F43-47EC-8B40-68FE5F2D9690}.Release|Any CPU.ActiveCfg = Release|Any CPU
		{95240E3F-7F43-47EC-8B40-68FE5F2D9690}.Release|Any CPU.Build.0 = Release|Any CPU
	EndGlobalSection
	GlobalSection(SolutionProperties) = preSolution
		HideSolutionNode = FALSE
	EndGlobalSection
	GlobalSection(ExtensibilityGlobals) = postSolution
		SolutionGuid = {22623D0F-F28B-4464-9859-9178E071ABFD}
	EndGlobalSection
EndGlobal
